# cohdl.lock — generated by cohdl. Do not hand-edit; run `cohdl update` to change a pin.

[[package]]
name = "passive"
version = "0.1.1"
hash = "sha256:98ee2ddc966cdc1877ccdd3fbc8a41f53c7f4bdcf7eed6532e820b38cdabfc89"

[[package]]
name = "std"
version = "0.2.1"
hash = "sha256:5c111ee239ad21011d604956315423c25db5e303867cb9f83b2985686642b603"
