[designators]
"OpenMicro::__fn0_decouple::c" = "C1"
"OpenMicro::__fn10_decouple::c" = "C2"
"OpenMicro::__fn11_decouple::c" = "C3"
"OpenMicro::__fn12_decouple::c" = "C4"
"OpenMicro::__fn13_decouple::c" = "C5"
"OpenMicro::__fn14_decouple::c" = "C6"
"OpenMicro::__fn15_decouple::c" = "C7"
"OpenMicro::__fn16_decouple::c" = "C8"
"OpenMicro::__fn17_decouple::c" = "C9"
"OpenMicro::__fn18_decouple::c" = "C10"
"OpenMicro::__fn19_decouple::c" = "C11"
"OpenMicro::__fn1_decouple::c" = "C12"
"OpenMicro::__fn20_decouple::c" = "C13"
"OpenMicro::__fn21_decouple::c" = "C14"
"OpenMicro::__fn22_decouple::c" = "C15"
"OpenMicro::__fn23_decouple::c" = "C16"
"OpenMicro::__fn24_decouple::c" = "C17"
"OpenMicro::__fn2_decouple::c" = "C18"
"OpenMicro::__fn3_decouple::c" = "C19"
"OpenMicro::__fn4_decouple::c" = "C20"
"OpenMicro::__fn5_decouple::c" = "C21"
"OpenMicro::__fn6_decouple::c" = "C22"
"OpenMicro::__fn7_decouple::c" = "C23"
"OpenMicro::__fn8_decouple::c" = "C24"
"OpenMicro::__fn9_decouple::c" = "C25"
"OpenMicro::ambient_leds_0" = "LED1"
"OpenMicro::ambient_leds_1" = "LED2"
"OpenMicro::ambient_leds_10" = "LED3"
"OpenMicro::ambient_leds_11" = "LED4"
"OpenMicro::ambient_leds_12" = "LED5"
"OpenMicro::ambient_leds_13" = "LED6"
"OpenMicro::ambient_leds_14" = "LED7"
"OpenMicro::ambient_leds_15" = "LED8"
"OpenMicro::ambient_leds_2" = "LED9"
"OpenMicro::ambient_leds_3" = "LED10"
"OpenMicro::ambient_leds_4" = "LED11"
"OpenMicro::ambient_leds_5" = "LED12"
"OpenMicro::ambient_leds_6" = "LED13"
"OpenMicro::ambient_leds_7" = "LED14"
"OpenMicro::ambient_leds_8" = "LED15"
"OpenMicro::ambient_leds_9" = "LED16"
"OpenMicro::c_bulk" = "C26"
"OpenMicro::c_vdda" = "C27"
"OpenMicro::c_x1" = "C28"
"OpenMicro::c_x2" = "C29"
"OpenMicro::d_0" = "D1"
"OpenMicro::d_1" = "D2"
"OpenMicro::d_10" = "D3"
"OpenMicro::d_11" = "D4"
"OpenMicro::d_12" = "D5"
"OpenMicro::d_2" = "D6"
"OpenMicro::d_3" = "D7"
"OpenMicro::d_4" = "D8"
"OpenMicro::d_5" = "D9"
"OpenMicro::d_6" = "D10"
"OpenMicro::d_7" = "D11"
"OpenMicro::d_8" = "D12"
"OpenMicro::d_9" = "D13"
"OpenMicro::enc" = "SW1"
"OpenMicro::esd" = "U1"
"OpenMicro::joy" = "J1"
"OpenMicro::key_leds_0" = "LED17"
"OpenMicro::key_leds_1" = "LED18"
"OpenMicro::key_leds_10" = "LED19"
"OpenMicro::key_leds_11" = "LED20"
"OpenMicro::key_leds_12" = "LED21"
"OpenMicro::key_leds_2" = "LED22"
"OpenMicro::key_leds_3" = "LED23"
"OpenMicro::key_leds_4" = "LED24"
"OpenMicro::key_leds_5" = "LED25"
"OpenMicro::key_leds_6" = "LED26"
"OpenMicro::key_leds_7" = "LED27"
"OpenMicro::key_leds_8" = "LED28"
"OpenMicro::key_leds_9" = "LED29"
"OpenMicro::ldo" = "U2"
"OpenMicro::mcu" = "U3"
"OpenMicro::mh_0" = "H1"
"OpenMicro::mh_1" = "H2"
"OpenMicro::mh_2" = "H3"
"OpenMicro::mh_3" = "H4"
"OpenMicro::rboot" = "R1"
"OpenMicro::rcc1" = "R2"
"OpenMicro::rcc2" = "R3"
"OpenMicro::rst" = "SW2"
"OpenMicro::sw_0" = "SW3"
"OpenMicro::sw_1" = "SW4"
"OpenMicro::sw_10" = "SW5"
"OpenMicro::sw_11" = "SW6"
"OpenMicro::sw_12" = "SW7"
"OpenMicro::sw_2" = "SW8"
"OpenMicro::sw_3" = "SW9"
"OpenMicro::sw_4" = "SW10"
"OpenMicro::sw_5" = "SW11"
"OpenMicro::sw_6" = "SW12"
"OpenMicro::sw_7" = "SW13"
"OpenMicro::sw_8" = "SW14"
"OpenMicro::sw_9" = "SW15"
"OpenMicro::swd" = "J2"
"OpenMicro::touch" = "TP1"
"OpenMicro::usbc" = "J3"
"OpenMicro::xtal" = "Y1"

[tombstones]
