# cohdl.lock — generated by cohdl. Do not hand-edit; run `cohdl update` to change a pin.

[[package]]
name = "@st/stm32"
version = "0.1.0"
hash = "sha256:7d468fc258c19c400501d3c2d19b6b478d5b22661c60ba038475b7aa88adefd3"

[[package]]
name = "connectors"
version = "0.1.1"
hash = "sha256:a7a192b02b1e75c6772dd3e75516bf6fdaf28e9354def86b132f6204f023f3dd"

[[package]]
name = "diode"
version = "0.1.0"
hash = "sha256:ea1d68d2aa41dd4e415775fc04c6b8a45f0f3b6cf8d3b9064eb0db5e07fbc272"

[[package]]
name = "esd"
version = "0.1.0"
hash = "sha256:8d5f98ff377276fc3bb2330ebe49dfc4770979c42c07f1ae20f48b99caa2570f"

[[package]]
name = "ldo"
version = "0.1.1"
hash = "sha256:9aebe1d46016a622d337281e1f0cd72f1bf93f4a32314508ad99a24fc482e89d"

[[package]]
name = "led"
version = "0.1.1"
hash = "sha256:d057ea2d9b88103a01f3a222c514c01808ab287059af60f8d77b56114b899d07"

[[package]]
name = "osc"
version = "0.1.1"
hash = "sha256:596e4f097d5f1d96875a21216d31dda4ea7773486e2a03ea82b13a1fd9d55584"

[[package]]
name = "passive"
version = "0.2.1"
hash = "sha256:75d19bb814aee93091c2f49d7be59f85b55d9ccb2c2654924814d44737d6023e"

[[package]]
name = "std"
version = "0.3.0"
hash = "sha256:5b5fc2d184722d4a4fd32f531656c32f2de2f0920c94d7a8e5f2d2203527fbca"

[[package]]
name = "usb"
version = "0.1.1"
hash = "sha256:46a3a8a7bd04c703067abea60b96063bb8194cec27813651fad765337e27d87c"
