[designators]
"OpenMicro::ambient_leds_0" = "LED1"
"OpenMicro::ambient_leds_1" = "LED2"
"OpenMicro::ambient_leds_2" = "LED3"
"OpenMicro::ambient_leds_3" = "LED4"
"OpenMicro::ambient_leds_4" = "LED5"
"OpenMicro::ambient_leds_5" = "LED6"
"OpenMicro::ambient_leds_6" = "LED7"
"OpenMicro::ambient_leds_7" = "LED8"
"OpenMicro::c_bulk" = "C26"
"OpenMicro::c_kled0" = "C1"
"OpenMicro::c_kled1" = "C2"
"OpenMicro::c_kled10" = "C3"
"OpenMicro::c_kled11" = "C4"
"OpenMicro::c_kled12" = "C5"
"OpenMicro::c_kled2" = "C6"
"OpenMicro::c_kled3" = "C7"
"OpenMicro::c_kled4" = "C8"
"OpenMicro::c_kled5" = "C9"
"OpenMicro::c_kled6" = "C10"
"OpenMicro::c_kled7" = "C11"
"OpenMicro::c_kled8" = "C12"
"OpenMicro::c_kled9" = "C13"
"OpenMicro::c_uled0" = "C18"
"OpenMicro::c_uled2" = "C19"
"OpenMicro::c_uled4" = "C20"
"OpenMicro::c_uled6" = "C21"
"OpenMicro::c_vbus" = "C14"
"OpenMicro::c_vdd_a" = "C15"
"OpenMicro::c_vdd_b" = "C16"
"OpenMicro::c_vdda" = "C27"
"OpenMicro::c_vdda_hf" = "C17"
"OpenMicro::c_x1" = "C28"
"OpenMicro::c_x2" = "C29"
"OpenMicro::d_0" = "D1"
"OpenMicro::d_1" = "D2"
"OpenMicro::d_10" = "D3"
"OpenMicro::d_11" = "D4"
"OpenMicro::d_12" = "D5"
"OpenMicro::d_2" = "D6"
"OpenMicro::d_3" = "D7"
"OpenMicro::d_4" = "D8"
"OpenMicro::d_5" = "D9"
"OpenMicro::d_6" = "D10"
"OpenMicro::d_7" = "D11"
"OpenMicro::d_8" = "D12"
"OpenMicro::d_9" = "D13"
"OpenMicro::enc" = "SW1"
"OpenMicro::esd" = "U1"
"OpenMicro::joy" = "J1"
"OpenMicro::key_leds_0" = "LED17"
"OpenMicro::key_leds_1" = "LED18"
"OpenMicro::key_leds_10" = "LED19"
"OpenMicro::key_leds_11" = "LED20"
"OpenMicro::key_leds_12" = "LED21"
"OpenMicro::key_leds_2" = "LED22"
"OpenMicro::key_leds_3" = "LED23"
"OpenMicro::key_leds_4" = "LED24"
"OpenMicro::key_leds_5" = "LED25"
"OpenMicro::key_leds_6" = "LED26"
"OpenMicro::key_leds_7" = "LED27"
"OpenMicro::key_leds_8" = "LED28"
"OpenMicro::key_leds_9" = "LED29"
"OpenMicro::ldo" = "U2"
"OpenMicro::mcu" = "U3"
"OpenMicro::mh_0" = "H1"
"OpenMicro::mh_1" = "H2"
"OpenMicro::mh_2" = "H3"
"OpenMicro::mh_3" = "H4"
"OpenMicro::rboot" = "R1"
"OpenMicro::rcc1" = "R2"
"OpenMicro::rcc2" = "R3"
"OpenMicro::sw_0" = "SW3"
"OpenMicro::sw_1" = "SW4"
"OpenMicro::sw_10" = "SW5"
"OpenMicro::sw_11" = "SW6"
"OpenMicro::sw_12" = "SW7"
"OpenMicro::sw_2" = "SW8"
"OpenMicro::sw_3" = "SW9"
"OpenMicro::sw_4" = "SW10"
"OpenMicro::sw_5" = "SW11"
"OpenMicro::sw_6" = "SW12"
"OpenMicro::sw_7" = "SW13"
"OpenMicro::sw_8" = "SW14"
"OpenMicro::sw_9" = "SW15"
"OpenMicro::swd" = "J2"
"OpenMicro::touch" = "TP1"
"OpenMicro::usbc" = "J3"
"OpenMicro::xtal" = "Y1"

[tombstones]
"OpenMicro::__fn0_decouple::c" = "C55"
"OpenMicro::__fn10_decouple::c" = "C56"
"OpenMicro::__fn11_decouple::c" = "C57"
"OpenMicro::__fn12_decouple::c" = "C58"
"OpenMicro::__fn13_decouple::c" = "C59"
"OpenMicro::__fn14_decouple::c" = "C60"
"OpenMicro::__fn15_decouple::c" = "C61"
"OpenMicro::__fn16_decouple::c" = "C62"
"OpenMicro::__fn17_decouple::c" = "C63"
"OpenMicro::__fn18_decouple::c" = "C64"
"OpenMicro::__fn19_decouple::c" = "C65"
"OpenMicro::__fn1_decouple::c" = "C66"
"OpenMicro::__fn20_decouple::c" = "C67"
"OpenMicro::__fn21_decouple::c" = "C68"
"OpenMicro::__fn22_decouple::c" = "C69"
"OpenMicro::__fn23_decouple::c" = "C70"
"OpenMicro::__fn24_decouple::c" = "C71"
"OpenMicro::__fn2_decouple::c" = "C72"
"OpenMicro::__fn3_decouple::c" = "C73"
"OpenMicro::__fn4_decouple::c" = "C74"
"OpenMicro::__fn5_decouple::c" = "C75"
"OpenMicro::__fn6_decouple::c" = "C76"
"OpenMicro::__fn7_decouple::c" = "C77"
"OpenMicro::__fn8_decouple::c" = "C78"
"OpenMicro::__fn9_decouple::c" = "C79"
"OpenMicro::ambient_leds_0" = "LED30"
"OpenMicro::ambient_leds_1" = "LED31"
"OpenMicro::ambient_leds_10" = "LED32"
"OpenMicro::ambient_leds_11" = "LED33"
"OpenMicro::ambient_leds_12" = "LED34"
"OpenMicro::ambient_leds_13" = "LED35"
"OpenMicro::ambient_leds_14" = "LED36"
"OpenMicro::ambient_leds_15" = "LED37"
"OpenMicro::ambient_leds_2" = "LED38"
"OpenMicro::ambient_leds_3" = "LED39"
"OpenMicro::ambient_leds_4" = "LED40"
"OpenMicro::ambient_leds_5" = "LED41"
"OpenMicro::ambient_leds_6" = "LED42"
"OpenMicro::ambient_leds_7" = "LED43"
"OpenMicro::ambient_leds_8" = "LED44"
"OpenMicro::ambient_leds_9" = "LED45"
"OpenMicro::c_kled0" = "C30"
"OpenMicro::c_kled1" = "C31"
"OpenMicro::c_kled10" = "C32"
"OpenMicro::c_kled11" = "C33"
"OpenMicro::c_kled12" = "C34"
"OpenMicro::c_kled2" = "C35"
"OpenMicro::c_kled3" = "C36"
"OpenMicro::c_kled4" = "C37"
"OpenMicro::c_kled5" = "C38"
"OpenMicro::c_kled6" = "C39"
"OpenMicro::c_kled7" = "C40"
"OpenMicro::c_kled8" = "C41"
"OpenMicro::c_kled9" = "C42"
"OpenMicro::c_uled0" = "C43"
"OpenMicro::c_uled10" = "C44"
"OpenMicro::c_uled12" = "C45"
"OpenMicro::c_uled14" = "C46"
"OpenMicro::c_uled2" = "C47"
"OpenMicro::c_uled4" = "C48"
"OpenMicro::c_uled6" = "C49"
"OpenMicro::c_uled8" = "C50"
"OpenMicro::c_vbus" = "C51"
"OpenMicro::c_vdd_a" = "C52"
"OpenMicro::c_vdd_b" = "C53"
"OpenMicro::c_vdda_hf" = "C54"
"OpenMicro::rst" = "SW2"
