# cohdl.lock — generated by cohdl. Do not hand-edit; run `cohdl update` to change a pin.

[[package]]
name = "@contrib/charger"
version = "0.1.0"
hash = "sha256:b8ca6e4c07ea2a3fc49c52ad294238b6458b5a98a4d9a6a5c013db6144f15252"

[[package]]
name = "@contrib/sf32"
version = "0.1.0"
hash = "sha256:619353ee357ea0c30b591424cdb7715b077b9f1807e6e2334e5828b8a900623c"

[[package]]
name = "antenna"
version = "0.1.0"
hash = "sha256:f03873e967dcd092c93849e1bb123938966fedb11e2346725351f0207cca4b47"

[[package]]
name = "connectors"
version = "0.1.1"
hash = "sha256:a7a192b02b1e75c6772dd3e75516bf6fdaf28e9354def86b132f6204f023f3dd"

[[package]]
name = "diode"
version = "0.1.0"
hash = "sha256:ea1d68d2aa41dd4e415775fc04c6b8a45f0f3b6cf8d3b9064eb0db5e07fbc272"

[[package]]
name = "esd"
version = "0.1.0"
hash = "sha256:8d5f98ff377276fc3bb2330ebe49dfc4770979c42c07f1ae20f48b99caa2570f"

[[package]]
name = "flash"
version = "0.1.1"
hash = "sha256:d32516d8f56fbfcf39bdfd46f598b530c6c152fc20c29cf5e542a9e5453256ff"

[[package]]
name = "ldo"
version = "0.1.1"
hash = "sha256:9aebe1d46016a622d337281e1f0cd72f1bf93f4a32314508ad99a24fc482e89d"

[[package]]
name = "led"
version = "0.1.1"
hash = "sha256:d057ea2d9b88103a01f3a222c514c01808ab287059af60f8d77b56114b899d07"

[[package]]
name = "load-switch"
version = "0.1.0"
hash = "sha256:81a4a502c494bb3d48edfe63aac7a2bb71a6612942d99320e7d924b3eb09d2e1"

[[package]]
name = "misc"
version = "0.1.0"
hash = "sha256:2b98f109b73a45fd8c96d3739765c7999213b23eb85fdf64112d36db9ff860a7"

[[package]]
name = "osc"
version = "0.1.1"
hash = "sha256:596e4f097d5f1d96875a21216d31dda4ea7773486e2a03ea82b13a1fd9d55584"

[[package]]
name = "passive"
version = "0.2.1"
hash = "sha256:75d19bb814aee93091c2f49d7be59f85b55d9ccb2c2654924814d44737d6023e"

[[package]]
name = "qfn"
version = "0.1.1"
hash = "sha256:c8d264ac35829d30c3b4366987f96bc359fc4743433628f2652e4b8f8a8a04aa"

[[package]]
name = "soic"
version = "0.1.0"
hash = "sha256:43b1dff42fa90974606c3071bf6972eb02e8f8cade0a135334282455921c176a"

[[package]]
name = "std"
version = "0.3.0"
hash = "sha256:5b5fc2d184722d4a4fd32f531656c32f2de2f0920c94d7a8e5f2d2203527fbca"

[[package]]
name = "usb"
version = "0.1.1"
hash = "sha256:46a3a8a7bd04c703067abea60b96063bb8194cec27813651fad765337e27d87c"
