[designators]
"OpenMicro2::ambient_leds_0" = "LED16"
"OpenMicro2::ambient_leds_1" = "LED17"
"OpenMicro2::ambient_leds_2" = "LED18"
"OpenMicro2::ambient_leds_3" = "LED19"
"OpenMicro2::ambient_leds_4" = "LED20"
"OpenMicro2::ambient_leds_5" = "LED21"
"OpenMicro2::ambient_leds_6" = "LED22"
"OpenMicro2::ambient_leds_7" = "LED23"
"OpenMicro2::ambient_leds_8" = "LED24"
"OpenMicro2::ambient_leds_9" = "LED25"
"OpenMicro2::ant" = "AE1"
"OpenMicro2::batt" = "J1"
"OpenMicro2::c_aud_vref" = "C1"
"OpenMicro2::c_avdd33" = "C2"
"OpenMicro2::c_avdd_aud" = "C3"
"OpenMicro2::c_avdd_brf" = "C4"
"OpenMicro2::c_bat" = "C5"
"OpenMicro2::c_buck_fb" = "C6"
"OpenMicro2::c_chg_vdd" = "C7"
"OpenMicro2::c_disp_iovcc" = "C8"
"OpenMicro2::c_disp_vbat" = "C9"
"OpenMicro2::c_disp_vbat_hf" = "C10"
"OpenMicro2::c_disp_vci" = "C11"
"OpenMicro2::c_flash" = "C12"
"OpenMicro2::c_gpadc_vref" = "C13"
"OpenMicro2::c_kled0" = "C14"
"OpenMicro2::c_kled1" = "C15"
"OpenMicro2::c_kled10" = "C16"
"OpenMicro2::c_kled11" = "C17"
"OpenMicro2::c_kled12" = "C18"
"OpenMicro2::c_kled13" = "C19"
"OpenMicro2::c_kled14" = "C20"
"OpenMicro2::c_kled2" = "C21"
"OpenMicro2::c_kled3" = "C22"
"OpenMicro2::c_kled4" = "C23"
"OpenMicro2::c_kled5" = "C24"
"OpenMicro2::c_kled6" = "C25"
"OpenMicro2::c_kled7" = "C26"
"OpenMicro2::c_kled8" = "C27"
"OpenMicro2::c_kled9" = "C28"
"OpenMicro2::c_ldo_out" = "C29"
"OpenMicro2::c_led_sw" = "C30"
"OpenMicro2::c_mic_bias" = "C31"
"OpenMicro2::c_mic_blk" = "C32"
"OpenMicro2::c_mic_vdd" = "C33"
"OpenMicro2::c_pvdd" = "C34"
"OpenMicro2::c_sys" = "C35"
"OpenMicro2::c_uled0" = "C43"
"OpenMicro2::c_uled2" = "C44"
"OpenMicro2::c_uled4" = "C45"
"OpenMicro2::c_uled6" = "C46"
"OpenMicro2::c_uled8" = "C47"
"OpenMicro2::c_vbus" = "C36"
"OpenMicro2::c_vdd_ret" = "C37"
"OpenMicro2::c_vdd_rtc" = "C38"
"OpenMicro2::c_vdd_sip" = "C39"
"OpenMicro2::c_vddioa" = "C40"
"OpenMicro2::c_vout1" = "C41"
"OpenMicro2::c_vout2" = "C42"
"OpenMicro2::charger" = "U1"
"OpenMicro2::d_0" = "D1"
"OpenMicro2::d_1" = "D2"
"OpenMicro2::d_10" = "D3"
"OpenMicro2::d_11" = "D4"
"OpenMicro2::d_12" = "D5"
"OpenMicro2::d_13" = "D6"
"OpenMicro2::d_14" = "D7"
"OpenMicro2::d_15" = "D8"
"OpenMicro2::d_16" = "D9"
"OpenMicro2::d_2" = "D12"
"OpenMicro2::d_3" = "D13"
"OpenMicro2::d_4" = "D14"
"OpenMicro2::d_5" = "D15"
"OpenMicro2::d_6" = "D16"
"OpenMicro2::d_7" = "D17"
"OpenMicro2::d_8" = "D18"
"OpenMicro2::d_9" = "D19"
"OpenMicro2::disp" = "J2"
"OpenMicro2::enc1" = "SW1"
"OpenMicro2::esd" = "U2"
"OpenMicro2::flash" = "U3"
"OpenMicro2::joy" = "J3"
"OpenMicro2::key_leds_0" = "LED1"
"OpenMicro2::key_leds_1" = "LED2"
"OpenMicro2::key_leds_10" = "LED3"
"OpenMicro2::key_leds_11" = "LED4"
"OpenMicro2::key_leds_12" = "LED5"
"OpenMicro2::key_leds_13" = "LED6"
"OpenMicro2::key_leds_14" = "LED7"
"OpenMicro2::key_leds_2" = "LED8"
"OpenMicro2::key_leds_3" = "LED9"
"OpenMicro2::key_leds_4" = "LED10"
"OpenMicro2::key_leds_5" = "LED11"
"OpenMicro2::key_leds_6" = "LED12"
"OpenMicro2::key_leds_7" = "LED13"
"OpenMicro2::key_leds_8" = "LED14"
"OpenMicro2::key_leds_9" = "LED15"
"OpenMicro2::l_buck" = "L1"
"OpenMicro2::ldo" = "U4"
"OpenMicro2::led_sw" = "U5"
"OpenMicro2::mcu" = "U6"
"OpenMicro2::mh_0" = "U7"
"OpenMicro2::mh_1" = "U8"
"OpenMicro2::mh_2" = "U9"
"OpenMicro2::mh_3" = "U10"
"OpenMicro2::micj" = "J4"
"OpenMicro2::r_ant" = "R1"
"OpenMicro2::r_cc1" = "R2"
"OpenMicro2::r_cc2" = "R3"
"OpenMicro2::r_i2c_scl" = "R4"
"OpenMicro2::r_i2c_sda" = "R5"
"OpenMicro2::r_led_en_pd" = "R6"
"OpenMicro2::r_mic_vdd" = "R7"
"OpenMicro2::r_nint" = "R8"
"OpenMicro2::sw_0" = "SW4"
"OpenMicro2::sw_1" = "SW5"
"OpenMicro2::sw_10" = "SW6"
"OpenMicro2::sw_11" = "SW7"
"OpenMicro2::sw_12" = "SW8"
"OpenMicro2::sw_13" = "SW9"
"OpenMicro2::sw_14" = "SW10"
"OpenMicro2::sw_2" = "SW11"
"OpenMicro2::sw_3" = "SW12"
"OpenMicro2::sw_4" = "SW13"
"OpenMicro2::sw_5" = "SW14"
"OpenMicro2::sw_6" = "SW15"
"OpenMicro2::sw_7" = "SW16"
"OpenMicro2::sw_8" = "SW17"
"OpenMicro2::sw_9" = "SW18"
"OpenMicro2::swd" = "J5"
"OpenMicro2::usbc" = "J6"
"OpenMicro2::xtal_32k" = "Y1"
"OpenMicro2::xtal_48m" = "Y2"

[tombstones]
"OpenMicro2::d_17" = "D10"
"OpenMicro2::d_18" = "D11"
"OpenMicro2::enc2" = "SW2"
"OpenMicro2::enc3" = "SW3"
